
Microsoft Visual Studio Solution File, Format Version 12.00
# Visual Studio 2013
VisualStudioVersion = 12.0.21005.1
MinimumVisualStudioVersion = 10.0.40219.1
Project("{F184B08F-C81C-45F6-A57F-5ABD9991F28F}") = "Latihan", "Latihan\Latihan.vbproj", "{E544D150-1C53-4E2F-B1B3-6C5268FE4A81}"
EndProject
Global
	GlobalSection(SolutionConfigurationPlatforms) = preSolution
		Debug|Any CPU = Debug|Any CPU
		Release|Any CPU = Release|Any CPU
	EndGlobalSection
	GlobalSection(ProjectConfigurationPlatforms) = postSolution
		{E544D150-1C53-4E2F-B1B3-6C5268FE4A81}.Debug|Any CPU.ActiveCfg = Debug|Any CPU
		{E544D150-1C53-4E2F-B1B3-6C5268FE4A81}.Debug|Any CPU.Build.0 = Debug|Any CPU
		{E544D150-1C53-4E2F-B1B3-6C5268FE4A81}.Release|Any CPU.ActiveCfg = Release|Any CPU
		{E544D150-1C53-4E2F-B1B3-6C5268FE4A81}.Release|Any CPU.Build.0 = Release|Any CPU
	EndGlobalSection
	GlobalSection(SolutionProperties) = preSolution
		HideSolutionNode = FALSE
	EndGlobalSection
EndGlobal
